
Microsoft Visual Studio Solution File, Format Version 12.00
# Visual Studio Version 17
VisualStudioVersion = 17.0.31903.59
MinimumVisualStudioVersion = 10.0.40219.1
Project("{F2A71F9B-5D33-465A-A702-920D77279786}") = "Laterbase.Core", "Laterbase.Core\Laterbase.Core.fsproj", "{AF62F5FE-71F8-4058-9D5F-F8375A0856EE}"
EndProject
Project("{F2A71F9B-5D33-465A-A702-920D77279786}") = "Laterbase.Simulator", "Laterbase.Simulator\Laterbase.Simulator.fsproj", "{E5B48A30-FDBB-4AA3-BB6F-918749991639}"
EndProject
Project("{F2A71F9B-5D33-465A-A702-920D77279786}") = "Laterbase.Tests", "Laterbase.Tests\Laterbase.Tests.fsproj", "{6CD12006-BF26-41CA-9A62-A47DC044D252}"
EndProject
Project("{F2A71F9B-5D33-465A-A702-920D77279786}") = "Laterbase.Inspect", "Laterbase.Inspect\Laterbase.Inspect.fsproj", "{AF6A176C-0E7F-4DD5-8A8E-DB84CF9028CE}"
EndProject
Global
	GlobalSection(SolutionConfigurationPlatforms) = preSolution
		Debug|Any CPU = Debug|Any CPU
		Release|Any CPU = Release|Any CPU
	EndGlobalSection
	GlobalSection(SolutionProperties) = preSolution
		HideSolutionNode = FALSE
	EndGlobalSection
	GlobalSection(ProjectConfigurationPlatforms) = postSolution
		{AF62F5FE-71F8-4058-9D5F-F8375A0856EE}.Debug|Any CPU.ActiveCfg = Debug|Any CPU
		{AF62F5FE-71F8-4058-9D5F-F8375A0856EE}.Debug|Any CPU.Build.0 = Debug|Any CPU
		{AF62F5FE-71F8-4058-9D5F-F8375A0856EE}.Release|Any CPU.ActiveCfg = Release|Any CPU
		{AF62F5FE-71F8-4058-9D5F-F8375A0856EE}.Release|Any CPU.Build.0 = Release|Any CPU
		{E5B48A30-FDBB-4AA3-BB6F-918749991639}.Debug|Any CPU.ActiveCfg = Debug|Any CPU
		{E5B48A30-FDBB-4AA3-BB6F-918749991639}.Debug|Any CPU.Build.0 = Debug|Any CPU
		{E5B48A30-FDBB-4AA3-BB6F-918749991639}.Release|Any CPU.ActiveCfg = Release|Any CPU
		{E5B48A30-FDBB-4AA3-BB6F-918749991639}.Release|Any CPU.Build.0 = Release|Any CPU
		{6CD12006-BF26-41CA-9A62-A47DC044D252}.Debug|Any CPU.ActiveCfg = Debug|Any CPU
		{6CD12006-BF26-41CA-9A62-A47DC044D252}.Debug|Any CPU.Build.0 = Debug|Any CPU
		{6CD12006-BF26-41CA-9A62-A47DC044D252}.Release|Any CPU.ActiveCfg = Release|Any CPU
		{6CD12006-BF26-41CA-9A62-A47DC044D252}.Release|Any CPU.Build.0 = Release|Any CPU
		{AF6A176C-0E7F-4DD5-8A8E-DB84CF9028CE}.Debug|Any CPU.ActiveCfg = Debug|Any CPU
		{AF6A176C-0E7F-4DD5-8A8E-DB84CF9028CE}.Debug|Any CPU.Build.0 = Debug|Any CPU
		{AF6A176C-0E7F-4DD5-8A8E-DB84CF9028CE}.Release|Any CPU.ActiveCfg = Release|Any CPU
		{AF6A176C-0E7F-4DD5-8A8E-DB84CF9028CE}.Release|Any CPU.Build.0 = Release|Any CPU
	EndGlobalSection
EndGlobal
